// !$*UTF8*$!
{
	archiveVersion = 1;
	classes = {
	};
	objectVersion = 46;
	objects = {

/* Begin PBXBuildFile section */
		EE6F7A061D513D7B00EB9770 /* AppDelegate.swift in Sources */ = {isa = PBXBuildFile; fileRef = EE6F7A051D513D7B00EB9770 /* AppDelegate.swift */; };
		EE6F7A0B1D513D7C00EB9770 /* Main.storyboard in Resources */ = {isa = PBXBuildFile; fileRef = EE6F7A091D513D7C00EB9770 /* Main.storyboard */; };
		EE6F7A0D1D513D7C00EB9770 /* Assets.xcassets in Resources */ = {isa = PBXBuildFile; fileRef = EE6F7A0C1D513D7C00EB9770 /* Assets.xcassets */; };
		EE6F7A101D513D7C00EB9770 /* LaunchScreen.storyboard in Resources */ = {isa = PBXBuildFile; fileRef = EE6F7A0E1D513D7C00EB9770 /* LaunchScreen.storyboard */; };
		EE6F7A181D513DE800EB9770 /* TableViewController.swift in Sources */ = {isa = PBXBuildFile; fileRef = EE6F7A171D513DE800EB9770 /* TableViewController.swift */; };
		EE6F7A1A1D51472E00EB9770 /* ViewBuscado.swift in Sources */ = {isa = PBXBuildFile; fileRef = EE6F7A191D51472E00EB9770 /* ViewBuscado.swift */; };
		EE6F7A1C1D5148BD00EB9770 /* url.png in Resources */ = {isa = PBXBuildFile; fileRef = EE6F7A1B1D5148BD00EB9770 /* url.png */; };
		EE6F7A1E1D51493900EB9770 /* ViewBuscar.swift in Sources */ = {isa = PBXBuildFile; fileRef = EE6F7A1D1D51493900EB9770 /* ViewBuscar.swift */; };
		EE6F7A221D51533A00EB9770 /* Info.plist in Resources */ = {isa = PBXBuildFile; fileRef = EE6F7A211D51533A00EB9770 /* Info.plist */; };
		EE6F7A241D515C2B00EB9770 /* libros.swift in Sources */ = {isa = PBXBuildFile; fileRef = EE6F7A231D515C2B00EB9770 /* libros.swift */; };
		EE6F7A271D51638100EB9770 /* BusquedaTabla.xcdatamodeld in Sources */ = {isa = PBXBuildFile; fileRef = EE6F7A251D51638100EB9770 /* BusquedaTabla.xcdatamodeld */; };
/* End PBXBuildFile section */

/* Begin PBXFileReference section */
		EE6F7A021D513D7B00EB9770 /* BusquedaTabla.app */ = {isa = PBXFileReference; explicitFileType = wrapper.application; includeInIndex = 0; path = BusquedaTabla.app; sourceTree = BUILT_PRODUCTS_DIR; };
		EE6F7A051D513D7B00EB9770 /* AppDelegate.swift */ = {isa = PBXFileReference; lastKnownFileType = sourcecode.swift; path = AppDelegate.swift; sourceTree = "<group>"; };
		EE6F7A0A1D513D7C00EB9770 /* Base */ = {isa = PBXFileReference; lastKnownFileType = file.storyboard; name = Base; path = Base.lproj/Main.storyboard; sourceTree = "<group>"; };
		EE6F7A0C1D513D7C00EB9770 /* Assets.xcassets */ = {isa = PBXFileReference; lastKnownFileType = folder.assetcatalog; path = Assets.xcassets; sourceTree = "<group>"; };
		EE6F7A0F1D513D7C00EB9770 /* Base */ = {isa = PBXFileReference; lastKnownFileType = file.storyboard; name = Base; path = Base.lproj/LaunchScreen.storyboard; sourceTree = "<group>"; };
		EE6F7A171D513DE800EB9770 /* TableViewController.swift */ = {isa = PBXFileReference; fileEncoding = 4; lastKnownFileType = sourcecode.swift; path = TableViewController.swift; sourceTree = "<group>"; };
		EE6F7A191D51472E00EB9770 /* ViewBuscado.swift */ = {isa = PBXFileReference; fileEncoding = 4; lastKnownFileType = sourcecode.swift; path = ViewBuscado.swift; sourceTree = "<group>"; };
		EE6F7A1B1D5148BD00EB9770 /* url.png */ = {isa = PBXFileReference; lastKnownFileType = image.png; path = url.png; sourceTree = "<group>"; };
		EE6F7A1D1D51493900EB9770 /* ViewBuscar.swift */ = {isa = PBXFileReference; fileEncoding = 4; lastKnownFileType = sourcecode.swift; path = ViewBuscar.swift; sourceTree = "<group>"; };
		EE6F7A211D51533A00EB9770 /* Info.plist */ = {isa = PBXFileReference; fileEncoding = 4; lastKnownFileType = text.plist.xml; path = Info.plist; sourceTree = "<group>"; };
		EE6F7A231D515C2B00EB9770 /* libros.swift */ = {isa = PBXFileReference; fileEncoding = 4; lastKnownFileType = sourcecode.swift; path = libros.swift; sourceTree = "<group>"; };
		EE6F7A261D51638100EB9770 /* BusquedaTabla.xcdatamodel */ = {isa = PBXFileReference; lastKnownFileType = wrapper.xcdatamodel; path = BusquedaTabla.xcdatamodel; sourceTree = "<group>"; };
/* End PBXFileReference section */

/* Begin PBXFrameworksBuildPhase section */
		EE6F79FF1D513D7B00EB9770 /* Frameworks */ = {
			isa = PBXFrameworksBuildPhase;
			buildActionMask = 2147483647;
			files = (
			);
			runOnlyForDeploymentPostprocessing = 0;
		};
/* End PBXFrameworksBuildPhase section */

/* Begin PBXGroup section */
		EE6F79F91D513D7B00EB9770 = {
			isa = PBXGroup;
			children = (
				EE6F7A041D513D7B00EB9770 /* BusquedaTabla */,
				EE6F7A031D513D7B00EB9770 /* Products */,
			);
			sourceTree = "<group>";
		};
		EE6F7A031D513D7B00EB9770 /* Products */ = {
			isa = PBXGroup;
			children = (
				EE6F7A021D513D7B00EB9770 /* BusquedaTabla.app */,
			);
			name = Products;
			sourceTree = "<group>";
		};
		EE6F7A041D513D7B00EB9770 /* BusquedaTabla */ = {
			isa = PBXGroup;
			children = (
				EE6F7A051D513D7B00EB9770 /* AppDelegate.swift */,
				EE6F7A091D513D7C00EB9770 /* Main.storyboard */,
				EE6F7A0C1D513D7C00EB9770 /* Assets.xcassets */,
				EE6F7A0E1D513D7C00EB9770 /* LaunchScreen.storyboard */,
				EE6F7A1B1D5148BD00EB9770 /* url.png */,
				EE6F7A211D51533A00EB9770 /* Info.plist */,
				EE6F7A171D513DE800EB9770 /* TableViewController.swift */,
				EE6F7A191D51472E00EB9770 /* ViewBuscado.swift */,
				EE6F7A1D1D51493900EB9770 /* ViewBuscar.swift */,
				EE6F7A231D515C2B00EB9770 /* libros.swift */,
				EE6F7A251D51638100EB9770 /* BusquedaTabla.xcdatamodeld */,
			);
			path = BusquedaTabla;
			sourceTree = "<group>";
		};
/* End PBXGroup section */

/* Begin PBXNativeTarget section */
		EE6F7A011D513D7B00EB9770 /* BusquedaTabla */ = {
			isa = PBXNativeTarget;
			buildConfigurationList = EE6F7A141D513D7C00EB9770 /* Build configuration list for PBXNativeTarget "BusquedaTabla" */;
			buildPhases = (
				EE6F79FE1D513D7B00EB9770 /* Sources */,
				EE6F79FF1D513D7B00EB9770 /* Frameworks */,
				EE6F7A001D513D7B00EB9770 /* Resources */,
			);
			buildRules = (
			);
			dependencies = (
			);
			name = BusquedaTabla;
			productName = BusquedaTabla;
			productReference = EE6F7A021D513D7B00EB9770 /* BusquedaTabla.app */;
			productType = "com.apple.product-type.application";
		};
/* End PBXNativeTarget section */

/* Begin PBXProject section */
		EE6F79FA1D513D7B00EB9770 /* Project object */ = {
			isa = PBXProject;
			attributes = {
				LastSwiftUpdateCheck = 0730;
				LastUpgradeCheck = 0730;
				ORGANIZATIONNAME = "Luis Rodriguez";
				TargetAttributes = {
					EE6F7A011D513D7B00EB9770 = {
						CreatedOnToolsVersion = 7.3.1;
						DevelopmentTeam = GBEM7P83UA;
					};
				};
			};
			buildConfigurationList = EE6F79FD1D513D7B00EB9770 /* Build configuration list for PBXProject "BusquedaTabla" */;
			compatibilityVersion = "Xcode 3.2";
			developmentRegion = English;
			hasScannedForEncodings = 0;
			knownRegions = (
				en,
				Base,
			);
			mainGroup = EE6F79F91D513D7B00EB9770;
			productRefGroup = EE6F7A031D513D7B00EB9770 /* Products */;
			projectDirPath = "";
			projectRoot = "";
			targets = (
				EE6F7A011D513D7B00EB9770 /* BusquedaTabla */,
			);
		};
/* End PBXProject section */

/* Begin PBXResourcesBuildPhase section */
		EE6F7A001D513D7B00EB9770 /* Resources */ = {
			isa = PBXResourcesBuildPhase;
			buildActionMask = 2147483647;
			files = (
				EE6F7A101D513D7C00EB9770 /* LaunchScreen.storyboard in Resources */,
				EE6F7A1C1D5148BD00EB9770 /* url.png in Resources */,
				EE6F7A0D1D513D7C00EB9770 /* Assets.xcassets in Resources */,
				EE6F7A221D51533A00EB9770 /* Info.plist in Resources */,
				EE6F7A0B1D513D7C00EB9770 /* Main.storyboard in Resources */,
			);
			runOnlyForDeploymentPostprocessing = 0;
		};
/* End PBXResourcesBuildPhase section */

/* Begin PBXSourcesBuildPhase section */
		EE6F79FE1D513D7B00EB9770 /* Sources */ = {
			isa = PBXSourcesBuildPhase;
			buildActionMask = 2147483647;
			files = (
				EE6F7A271D51638100EB9770 /* BusquedaTabla.xcdatamodeld in Sources */,
				EE6F7A1A1D51472E00EB9770 /* ViewBuscado.swift in Sources */,
				EE6F7A061D513D7B00EB9770 /* AppDelegate.swift in Sources */,
				EE6F7A1E1D51493900EB9770 /* ViewBuscar.swift in Sources */,
				EE6F7A181D513DE800EB9770 /* TableViewController.swift in Sources */,
				EE6F7A241D515C2B00EB9770 /* libros.swift in Sources */,
			);
			runOnlyForDeploymentPostprocessing = 0;
		};
/* End PBXSourcesBuildPhase section */

/* Begin PBXVariantGroup section */
		EE6F7A091D513D7C00EB9770 /* Main.storyboard */ = {
			isa = PBXVariantGroup;
			children = (
				EE6F7A0A1D513D7C00EB9770 /* Base */,
			);
			name = Main.storyboard;
			sourceTree = "<group>";
		};
		EE6F7A0E1D513D7C00EB9770 /* LaunchScreen.storyboard */ = {
			isa = PBXVariantGroup;
			children = (
				EE6F7A0F1D513D7C00EB9770 /* Base */,
			);
			name = LaunchScreen.storyboard;
			sourceTree = "<group>";
		};
/* End PBXVariantGroup section */

/* Begin XCBuildConfiguration section */
		EE6F7A121D513D7C00EB9770 /* Debug */ = {
			isa = XCBuildConfiguration;
			buildSettings = {
				ALWAYS_SEARCH_USER_PATHS = NO;
				CLANG_ANALYZER_NONNULL = YES;
				CLANG_CXX_LANGUAGE_STANDARD = "gnu++0x";
				CLANG_CXX_LIBRARY = "libc++";
				CLANG_ENABLE_MODULES = YES;
				CLANG_ENABLE_OBJC_ARC = YES;
				CLANG_WARN_BOOL_CONVERSION = YES;
				CLANG_WARN_CONSTANT_CONVERSION = YES;
				CLANG_WARN_DIRECT_OBJC_ISA_USAGE = YES_ERROR;
				CLANG_WARN_EMPTY_BODY = YES;
				CLANG_WARN_ENUM_CONVERSION = YES;
				CLANG_WARN_INT_CONVERSION = YES;
				CLANG_WARN_OBJC_ROOT_CLASS = YES_ERROR;
				CLANG_WARN_UNREACHABLE_CODE = YES;
				CLANG_WARN__DUPLICATE_METHOD_MATCH = YES;
				"CODE_SIGN_IDENTITY[sdk=iphoneos*]" = "iPhone Developer";
				COPY_PHASE_STRIP = NO;
				DEBUG_INFORMATION_FORMAT = dwarf;
				ENABLE_STRICT_OBJC_MSGSEND = YES;
				ENABLE_TESTABILITY = YES;
				GCC_C_LANGUAGE_STANDARD = gnu99;
				GCC_DYNAMIC_NO_PIC = NO;
				GCC_NO_COMMON_BLOCKS = YES;
				GCC_OPTIMIZATION_LEVEL = 0;
				GCC_PREPROCESSOR_DEFINITIONS = (
					"DEBUG=1",
					"$(inherited)",
				);
				GCC_WARN_64_TO_32_BIT_CONVERSION = YES;
				GCC_WARN_ABOUT_RETURN_TYPE = YES_ERROR;
				GCC_WARN_UNDECLARED_SELECTOR = YES;
				GCC_WARN_UNINITIALIZED_AUTOS = YES_AGGRESSIVE;
				GCC_WARN_UNUSED_FUNCTION = YES;
				GCC_WARN_UNUSED_VARIABLE = YES;
				IPHONEOS_DEPLOYMENT_TARGET = 9.3;
				MTL_ENABLE_DEBUG_INFO = YES;
				ONLY_ACTIVE_ARCH = YES;
				SDKROOT = iphoneos;
				SWIFT_OPTIMIZATION_LEVEL = "-Onone";
				TARGETED_DEVICE_FAMILY = "1,2";
			};
			name = Debug;
		};
		EE6F7A131D513D7C00EB9770 /* Release */ = {
			isa = XCBuildConfiguration;
			buildSettings = {
				ALWAYS_SEARCH_USER_PATHS = NO;
				CLANG_ANALYZER_NONNULL = YES;
				CLANG_CXX_LANGUAGE_STANDARD = "gnu++0x";
				CLANG_CXX_LIBRARY = "libc++";
				CLANG_ENABLE_MODULES = YES;
				CLANG_ENABLE_OBJC_ARC = YES;
				CLANG_WARN_BOOL_CONVERSION = YES;
				CLANG_WARN_CONSTANT_CONVERSION = YES;
				CLANG_WARN_DIRECT_OBJC_ISA_USAGE = YES_ERROR;
				CLANG_WARN_EMPTY_BODY = YES;
				CLANG_WARN_ENUM_CONVERSION = YES;
				CLANG_WARN_INT_CONVERSION = YES;
				CLANG_WARN_OBJC_ROOT_CLASS = YES_ERROR;
				CLANG_WARN_UNREACHABLE_CODE = YES;
				CLANG_WARN__DUPLICATE_METHOD_MATCH = YES;
				"CODE_SIGN_IDENTITY[sdk=iphoneos*]" = "iPhone Developer";
				COPY_PHASE_STRIP = NO;
				DEBUG_INFORMATION_FORMAT = "dwarf-with-dsym";
				ENABLE_NS_ASSERTIONS = NO;
				ENABLE_STRICT_OBJC_MSGSEND = YES;
				GCC_C_LANGUAGE_STANDARD = gnu99;
				GCC_NO_COMMON_BLOCKS = YES;
				GCC_WARN_64_TO_32_BIT_CONVERSION = YES;
				GCC_WARN_ABOUT_RETURN_TYPE = YES_ERROR;
				GCC_WARN_UNDECLARED_SELECTOR = YES;
				GCC_WARN_UNINITIALIZED_AUTOS = YES_AGGRESSIVE;
				GCC_WARN_UNUSED_FUNCTION = YES;
				GCC_WARN_UNUSED_VARIABLE = YES;
				IPHONEOS_DEPLOYMENT_TARGET = 9.3;
				MTL_ENABLE_DEBUG_INFO = NO;
				SDKROOT = iphoneos;
				TARGETED_DEVICE_FAMILY = "1,2";
				VALIDATE_PRODUCT = YES;
			};
			name = Release;
		};
		EE6F7A151D513D7C00EB9770 /* Debug */ = {
			isa = XCBuildConfiguration;
			buildSettings = {
				ASSETCATALOG_COMPILER_APPICON_NAME = AppIcon;
				INFOPLIST_FILE = BusquedaTabla/Info.plist;
				LD_RUNPATH_SEARCH_PATHS = "$(inherited) @executable_path/Frameworks";
				PRODUCT_BUNDLE_IDENTIFIER = mx.univeronline.BusquedaTabla;
				PRODUCT_NAME = "$(TARGET_NAME)";
			};
			name = Debug;
		};
		EE6F7A161D513D7C00EB9770 /* Release */ = {
			isa = XCBuildConfiguration;
			buildSettings = {
				ASSETCATALOG_COMPILER_APPICON_NAME = AppIcon;
				INFOPLIST_FILE = BusquedaTabla/Info.plist;
				LD_RUNPATH_SEARCH_PATHS = "$(inherited) @executable_path/Frameworks";
				PRODUCT_BUNDLE_IDENTIFIER = mx.univeronline.BusquedaTabla;
				PRODUCT_NAME = "$(TARGET_NAME)";
			};
			name = Release;
		};
/* End XCBuildConfiguration section */

/* Begin XCConfigurationList section */
		EE6F79FD1D513D7B00EB9770 /* Build configuration list for PBXProject "BusquedaTabla" */ = {
			isa = XCConfigurationList;
			buildConfigurations = (
				EE6F7A121D513D7C00EB9770 /* Debug */,
				EE6F7A131D513D7C00EB9770 /* Release */,
			);
			defaultConfigurationIsVisible = 0;
			defaultConfigurationName = Release;
		};
		EE6F7A141D513D7C00EB9770 /* Build configuration list for PBXNativeTarget "BusquedaTabla" */ = {
			isa = XCConfigurationList;
			buildConfigurations = (
				EE6F7A151D513D7C00EB9770 /* Debug */,
				EE6F7A161D513D7C00EB9770 /* Release */,
			);
			defaultConfigurationIsVisible = 0;
		};
/* End XCConfigurationList section */

/* Begin XCVersionGroup section */
		EE6F7A251D51638100EB9770 /* BusquedaTabla.xcdatamodeld */ = {
			isa = XCVersionGroup;
			children = (
				EE6F7A261D51638100EB9770 /* BusquedaTabla.xcdatamodel */,
			);
			currentVersion = EE6F7A261D51638100EB9770 /* BusquedaTabla.xcdatamodel */;
			path = BusquedaTabla.xcdatamodeld;
			sourceTree = "<group>";
			versionGroupType = wrapper.xcdatamodel;
		};
/* End XCVersionGroup section */
	};
	rootObject = EE6F79FA1D513D7B00EB9770 /* Project object */;
}
